
Microsoft Visual Studio Solution File, Format Version 12.00
# Visual Studio 15
VisualStudioVersion = 15.0.28010.2016
MinimumVisualStudioVersion = 10.0.40219.1
Project("{FAE04EC0-301F-11D3-BF4B-00C04F79EFBC}") = "OPCAlarm", "Sources\OPCAlarm\OPCAlarm.csproj", "{830C68B5-12D9-48BC-BC91-A643D1122F91}"
EndProject
Project("{FAE04EC0-301F-11D3-BF4B-00C04F79EFBC}") = "OPCAlarmConsole", "Sources\OPCAlarmConsole\OPCAlarmConsole.csproj", "{C77ADB28-D0EA-481D-9DEE-B11F01703653}"
EndProject
Project("{FAE04EC0-301F-11D3-BF4B-00C04F79EFBC}") = "OPCAlarmService", "Sources\OPCAlarmService\OPCAlarmService.csproj", "{DE2B15AE-DDF8-4742-B529-6BD37C1DEA9A}"
EndProject
Project("{FAE04EC0-301F-11D3-BF4B-00C04F79EFBC}") = "SmsManager", "Sources\SmsManager\SmsManager.csproj", "{EC6D445D-C718-448D-9A33-A751F312035F}"
EndProject
Global
	GlobalSection(SolutionConfigurationPlatforms) = preSolution
		Debug|Any CPU = Debug|Any CPU
		Release|Any CPU = Release|Any CPU
	EndGlobalSection
	GlobalSection(ProjectConfigurationPlatforms) = postSolution
		{830C68B5-12D9-48BC-BC91-A643D1122F91}.Debug|Any CPU.ActiveCfg = Debug|Any CPU
		{830C68B5-12D9-48BC-BC91-A643D1122F91}.Debug|Any CPU.Build.0 = Debug|Any CPU
		{830C68B5-12D9-48BC-BC91-A643D1122F91}.Release|Any CPU.ActiveCfg = Release|Any CPU
		{830C68B5-12D9-48BC-BC91-A643D1122F91}.Release|Any CPU.Build.0 = Release|Any CPU
		{C77ADB28-D0EA-481D-9DEE-B11F01703653}.Debug|Any CPU.ActiveCfg = Debug|Any CPU
		{C77ADB28-D0EA-481D-9DEE-B11F01703653}.Debug|Any CPU.Build.0 = Debug|Any CPU
		{C77ADB28-D0EA-481D-9DEE-B11F01703653}.Release|Any CPU.ActiveCfg = Release|Any CPU
		{C77ADB28-D0EA-481D-9DEE-B11F01703653}.Release|Any CPU.Build.0 = Release|Any CPU
		{DE2B15AE-DDF8-4742-B529-6BD37C1DEA9A}.Debug|Any CPU.ActiveCfg = Debug|Any CPU
		{DE2B15AE-DDF8-4742-B529-6BD37C1DEA9A}.Debug|Any CPU.Build.0 = Debug|Any CPU
		{DE2B15AE-DDF8-4742-B529-6BD37C1DEA9A}.Release|Any CPU.ActiveCfg = Release|Any CPU
		{DE2B15AE-DDF8-4742-B529-6BD37C1DEA9A}.Release|Any CPU.Build.0 = Release|Any CPU
		{EC6D445D-C718-448D-9A33-A751F312035F}.Debug|Any CPU.ActiveCfg = Debug|Any CPU
		{EC6D445D-C718-448D-9A33-A751F312035F}.Debug|Any CPU.Build.0 = Debug|Any CPU
		{EC6D445D-C718-448D-9A33-A751F312035F}.Release|Any CPU.ActiveCfg = Release|Any CPU
		{EC6D445D-C718-448D-9A33-A751F312035F}.Release|Any CPU.Build.0 = Release|Any CPU
	EndGlobalSection
	GlobalSection(SolutionProperties) = preSolution
		HideSolutionNode = FALSE
	EndGlobalSection
	GlobalSection(ExtensibilityGlobals) = postSolution
		SolutionGuid = {33CBF77E-B6CC-41CC-8124-81759AE352F3}
	EndGlobalSection
EndGlobal
